
Microsoft Visual Studio Solution File, Format Version 12.00
# Visual Studio Version 16
VisualStudioVersion = 25.0.1705.2
MinimumVisualStudioVersion = 10.0.40219.1
Project("{FAE04EC0-301F-11D3-BF4B-00C04F79EFBC}") = "homework3", "homework3\homework3.csproj", "{A962BAB9-FFC2-412C-B06A-CAA6C1D25918}"
EndProject
Global
	GlobalSection(SolutionConfigurationPlatforms) = preSolution
		Debug|Any CPU = Debug|Any CPU
		Release|Any CPU = Release|Any CPU
	EndGlobalSection
	GlobalSection(ProjectConfigurationPlatforms) = postSolution
		{A962BAB9-FFC2-412C-B06A-CAA6C1D25918}.Debug|Any CPU.ActiveCfg = Debug|Any CPU
		{A962BAB9-FFC2-412C-B06A-CAA6C1D25918}.Debug|Any CPU.Build.0 = Debug|Any CPU
		{A962BAB9-FFC2-412C-B06A-CAA6C1D25918}.Release|Any CPU.ActiveCfg = Release|Any CPU
		{A962BAB9-FFC2-412C-B06A-CAA6C1D25918}.Release|Any CPU.Build.0 = Release|Any CPU
	EndGlobalSection
	GlobalSection(SolutionProperties) = preSolution
		HideSolutionNode = FALSE
	EndGlobalSection
	GlobalSection(ExtensibilityGlobals) = postSolution
		SolutionGuid = {4D4B9F32-DA48-4E45-A5BA-AF6FB7B568F9}
	EndGlobalSection
EndGlobal
